// !$*UTF8*$!
{
	archiveVersion = 1;
	classes = {
	};
	objectVersion = 46;
	objects = {

/* Begin PBXBuildFile section */
		43490BA61DC59915008E56CB /* DirectionInstructionsTableViewController.swift in Sources */ = {isa = PBXBuildFile; fileRef = 43490BA51DC59915008E56CB /* DirectionInstructionsTableViewController.swift */; };
		43490BA81DC599F5008E56CB /* DirectionModel.swift in Sources */ = {isa = PBXBuildFile; fileRef = 43490BA71DC599F5008E56CB /* DirectionModel.swift */; };
		43490BAA1DC62A17008E56CB /* BuildingDetailsViewController.swift in Sources */ = {isa = PBXBuildFile; fileRef = 43490BA91DC62A17008E56CB /* BuildingDetailsViewController.swift */; };
		434AD1DE1DBD13BD0066F8CC /* AppDelegate.swift in Sources */ = {isa = PBXBuildFile; fileRef = 434AD1DD1DBD13BD0066F8CC /* AppDelegate.swift */; };
		434AD1E01DBD13BD0066F8CC /* MapViewController.swift in Sources */ = {isa = PBXBuildFile; fileRef = 434AD1DF1DBD13BD0066F8CC /* MapViewController.swift */; };
		434AD1E31DBD13BD0066F8CC /* Main.storyboard in Resources */ = {isa = PBXBuildFile; fileRef = 434AD1E11DBD13BD0066F8CC /* Main.storyboard */; };
		434AD1E51DBD13BD0066F8CC /* Assets.xcassets in Resources */ = {isa = PBXBuildFile; fileRef = 434AD1E41DBD13BD0066F8CC /* Assets.xcassets */; };
		434AD1E81DBD13BD0066F8CC /* LaunchScreen.storyboard in Resources */ = {isa = PBXBuildFile; fileRef = 434AD1E61DBD13BD0066F8CC /* LaunchScreen.storyboard */; };
		434AD1F31DBD13BD0066F8CC /* Campus_WalkTests.swift in Sources */ = {isa = PBXBuildFile; fileRef = 434AD1F21DBD13BD0066F8CC /* Campus_WalkTests.swift */; };
		434AD1FE1DBD13F20066F8CC /* MapKit.framework in Frameworks */ = {isa = PBXBuildFile; fileRef = 434AD1FD1DBD13F20066F8CC /* MapKit.framework */; };
		434AD2001DBD583C0066F8CC /* buildings.plist in Resources */ = {isa = PBXBuildFile; fileRef = 434AD1FF1DBD583B0066F8CC /* buildings.plist */; };
		434AD2201DBD584A0066F8CC /* agadmin.jpg in Resources */ = {isa = PBXBuildFile; fileRef = 434AD2011DBD584A0066F8CC /* agadmin.jpg */; };
		434AD2211DBD584A0066F8CC /* ageng.jpg in Resources */ = {isa = PBXBuildFile; fileRef = 434AD2021DBD584A0066F8CC /* ageng.jpg */; };
		434AD2221DBD584A0066F8CC /* appliedscience.jpg in Resources */ = {isa = PBXBuildFile; fileRef = 434AD2031DBD584A0066F8CC /* appliedscience.jpg */; };
		434AD2231DBD584A0066F8CC /* armsby.jpg in Resources */ = {isa = PBXBuildFile; fileRef = 434AD2041DBD584A0066F8CC /* armsby.jpg */; };
		434AD2241DBD584A0066F8CC /* arts.jpg in Resources */ = {isa = PBXBuildFile; fileRef = 434AD2051DBD584A0066F8CC /* arts.jpg */; };
		434AD2251DBD584A0066F8CC /* atherton.jpg in Resources */ = {isa = PBXBuildFile; fileRef = 434AD2061DBD584A0066F8CC /* atherton.jpg */; };
		434AD2261DBD584A0066F8CC /* beaver.jpg in Resources */ = {isa = PBXBuildFile; fileRef = 434AD2071DBD584A0066F8CC /* beaver.jpg */; };
		434AD2271DBD584A0066F8CC /* biomechanics.jpg in Resources */ = {isa = PBXBuildFile; fileRef = 434AD2081DBD584A0066F8CC /* biomechanics.jpg */; };
		434AD2281DBD584A0066F8CC /* borland.jpg in Resources */ = {isa = PBXBuildFile; fileRef = 434AD2091DBD584A0066F8CC /* borland.jpg */; };
		434AD2291DBD584A0066F8CC /* boucke.jpg in Resources */ = {isa = PBXBuildFile; fileRef = 434AD20A1DBD584A0066F8CC /* boucke.jpg */; };
		434AD22A1DBD584A0066F8CC /* brumbaugh.jpg in Resources */ = {isa = PBXBuildFile; fileRef = 434AD20B1DBD584A0066F8CC /* brumbaugh.jpg */; };
		434AD22B1DBD584A0066F8CC /* brycejordan.jpg in Resources */ = {isa = PBXBuildFile; fileRef = 434AD20C1DBD584A0066F8CC /* brycejordan.jpg */; };
		434AD22C1DBD584A0066F8CC /* buckhout.jpg in Resources */ = {isa = PBXBuildFile; fileRef = 434AD20D1DBD584A0066F8CC /* buckhout.jpg */; };
		434AD22D1DBD584A0066F8CC /* burrowes.jpg in Resources */ = {isa = PBXBuildFile; fileRef = 434AD20E1DBD584A0066F8CC /* burrowes.jpg */; };
		434AD22E1DBD584A0066F8CC /* businessbuilding.jpg in Resources */ = {isa = PBXBuildFile; fileRef = 434AD20F1DBD584A0066F8CC /* businessbuilding.jpg */; };
		434AD22F1DBD584A0066F8CC /* carnegie.jpg in Resources */ = {isa = PBXBuildFile; fileRef = 434AD2101DBD584A0066F8CC /* carnegie.jpg */; };
		434AD2301DBD584A0066F8CC /* carpenter.jpg in Resources */ = {isa = PBXBuildFile; fileRef = 434AD2111DBD584A0066F8CC /* carpenter.jpg */; };
		434AD2311DBD584A0066F8CC /* chambers.jpg in Resources */ = {isa = PBXBuildFile; fileRef = 434AD2121DBD584A0066F8CC /* chambers.jpg */; };
		434AD2321DBD584A0066F8CC /* chandlee.jpg in Resources */ = {isa = PBXBuildFile; fileRef = 434AD2131DBD584A0066F8CC /* chandlee.jpg */; };
		434AD2331DBD584A0066F8CC /* chapel.jpg in Resources */ = {isa = PBXBuildFile; fileRef = 434AD2141DBD584A0066F8CC /* chapel.jpg */; };
		434AD2341DBD584A0066F8CC /* chemistry.jpg in Resources */ = {isa = PBXBuildFile; fileRef = 434AD2151DBD584A0066F8CC /* chemistry.jpg */; };
		434AD2351DBD584A0066F8CC /* computer.jpg in Resources */ = {isa = PBXBuildFile; fileRef = 434AD2161DBD584A0066F8CC /* computer.jpg */; };
		434AD2361DBD584A0066F8CC /* davey.jpg in Resources */ = {isa = PBXBuildFile; fileRef = 434AD2171DBD584A0066F8CC /* davey.jpg */; };
		434AD2371DBD584A0066F8CC /* deike.jpg in Resources */ = {isa = PBXBuildFile; fileRef = 434AD2181DBD584A0066F8CC /* deike.jpg */; };
		434AD2381DBD584A0066F8CC /* earthengineeringsciences.jpg in Resources */ = {isa = PBXBuildFile; fileRef = 434AD2191DBD584A0066F8CC /* earthengineeringsciences.jpg */; };
		434AD2391DBD584A0066F8CC /* eeeast.jpg in Resources */ = {isa = PBXBuildFile; fileRef = 434AD21A1DBD584A0066F8CC /* eeeast.jpg */; };
		434AD23A1DBD584A0066F8CC /* eewest.jpg in Resources */ = {isa = PBXBuildFile; fileRef = 434AD21B1DBD584A0066F8CC /* eewest.jpg */; };
		434AD23B1DBD584A0066F8CC /* eisenhower.jpg in Resources */ = {isa = PBXBuildFile; fileRef = 434AD21C1DBD584A0066F8CC /* eisenhower.jpg */; };
		434AD23C1DBD584A0066F8CC /* eisenhowerparking.jpg in Resources */ = {isa = PBXBuildFile; fileRef = 434AD21D1DBD584A0066F8CC /* eisenhowerparking.jpg */; };
		434AD23D1DBD584A0066F8CC /* engunit.jpg in Resources */ = {isa = PBXBuildFile; fileRef = 434AD21E1DBD584A0066F8CC /* engunit.jpg */; };
		434AD23E1DBD584A0066F8CC /* smeal.jpg in Resources */ = {isa = PBXBuildFile; fileRef = 434AD21F1DBD584A0066F8CC /* smeal.jpg */; };
		434AD2411DBD587C0066F8CC /* BuildingModel.swift in Sources */ = {isa = PBXBuildFile; fileRef = 434AD2401DBD587C0066F8CC /* BuildingModel.swift */; };
		434AD2441DBD5D1D0066F8CC /* String+FirstLetter.swift in Sources */ = {isa = PBXBuildFile; fileRef = 434AD2431DBD5D1D0066F8CC /* String+FirstLetter.swift */; };
		434AD2481DBD61870066F8CC /* TableViewController.swift in Sources */ = {isa = PBXBuildFile; fileRef = 434AD2471DBD61870066F8CC /* TableViewController.swift */; };
		4370123E1DD1439C0054730E /* NoImageAvailable.jpg in Resources */ = {isa = PBXBuildFile; fileRef = 4370123D1DD1439C0054730E /* NoImageAvailable.jpg */; };
		43BD178C1DC52C37008C2585 /* DirectionsViewController.swift in Sources */ = {isa = PBXBuildFile; fileRef = 43BD178B1DC52C37008C2585 /* DirectionsViewController.swift */; };
		43DC9CA11DCFAFBC00C836D7 /* PreferencesViewController.swift in Sources */ = {isa = PBXBuildFile; fileRef = 43DC9CA01DCFAFBC00C836D7 /* PreferencesViewController.swift */; };
		43F8E7C51DD13D930049F412 /* ArchiveData.swift in Sources */ = {isa = PBXBuildFile; fileRef = 43F8E7C41DD13D930049F412 /* ArchiveData.swift */; };
/* End PBXBuildFile section */

/* Begin PBXContainerItemProxy section */
		434AD1EF1DBD13BD0066F8CC /* PBXContainerItemProxy */ = {
			isa = PBXContainerItemProxy;
			containerPortal = 434AD1D21DBD13BD0066F8CC /* Project object */;
			proxyType = 1;
			remoteGlobalIDString = 434AD1D91DBD13BD0066F8CC;
			remoteInfo = "Campus Walk";
		};
/* End PBXContainerItemProxy section */

/* Begin PBXFileReference section */
		43490BA51DC59915008E56CB /* DirectionInstructionsTableViewController.swift */ = {isa = PBXFileReference; fileEncoding = 4; lastKnownFileType = sourcecode.swift; path = DirectionInstructionsTableViewController.swift; sourceTree = "<group>"; };
		43490BA71DC599F5008E56CB /* DirectionModel.swift */ = {isa = PBXFileReference; fileEncoding = 4; lastKnownFileType = sourcecode.swift; path = DirectionModel.swift; sourceTree = "<group>"; };
		43490BA91DC62A17008E56CB /* BuildingDetailsViewController.swift */ = {isa = PBXFileReference; fileEncoding = 4; lastKnownFileType = sourcecode.swift; name = BuildingDetailsViewController.swift; path = ../BuildingDetailsViewController.swift; sourceTree = "<group>"; };
		434AD1DA1DBD13BD0066F8CC /* Campus Walk.app */ = {isa = PBXFileReference; explicitFileType = wrapper.application; includeInIndex = 0; path = "Campus Walk.app"; sourceTree = BUILT_PRODUCTS_DIR; };
		434AD1DD1DBD13BD0066F8CC /* AppDelegate.swift */ = {isa = PBXFileReference; lastKnownFileType = sourcecode.swift; path = AppDelegate.swift; sourceTree = "<group>"; };
		434AD1DF1DBD13BD0066F8CC /* MapViewController.swift */ = {isa = PBXFileReference; lastKnownFileType = sourcecode.swift; path = MapViewController.swift; sourceTree = "<group>"; };
		434AD1E21DBD13BD0066F8CC /* Base */ = {isa = PBXFileReference; lastKnownFileType = file.storyboard; name = Base; path = Base.lproj/Main.storyboard; sourceTree = "<group>"; };
		434AD1E41DBD13BD0066F8CC /* Assets.xcassets */ = {isa = PBXFileReference; lastKnownFileType = folder.assetcatalog; path = Assets.xcassets; sourceTree = "<group>"; };
		434AD1E71DBD13BD0066F8CC /* Base */ = {isa = PBXFileReference; lastKnownFileType = file.storyboard; name = Base; path = Base.lproj/LaunchScreen.storyboard; sourceTree = "<group>"; };
		434AD1E91DBD13BD0066F8CC /* Info.plist */ = {isa = PBXFileReference; lastKnownFileType = text.plist.xml; path = Info.plist; sourceTree = "<group>"; };
		434AD1EE1DBD13BD0066F8CC /* Campus WalkTests.xctest */ = {isa = PBXFileReference; explicitFileType = wrapper.cfbundle; includeInIndex = 0; path = "Campus WalkTests.xctest"; sourceTree = BUILT_PRODUCTS_DIR; };
		434AD1F21DBD13BD0066F8CC /* Campus_WalkTests.swift */ = {isa = PBXFileReference; lastKnownFileType = sourcecode.swift; path = Campus_WalkTests.swift; sourceTree = "<group>"; };
		434AD1F41DBD13BD0066F8CC /* Info.plist */ = {isa = PBXFileReference; lastKnownFileType = text.plist.xml; path = Info.plist; sourceTree = "<group>"; };
		434AD1FD1DBD13F20066F8CC /* MapKit.framework */ = {isa = PBXFileReference; lastKnownFileType = wrapper.framework; name = MapKit.framework; path = System/Library/Frameworks/MapKit.framework; sourceTree = SDKROOT; };
		434AD1FF1DBD583B0066F8CC /* buildings.plist */ = {isa = PBXFileReference; fileEncoding = 4; lastKnownFileType = text.plist.xml; path = buildings.plist; sourceTree = "<group>"; };
		434AD2011DBD584A0066F8CC /* agadmin.jpg */ = {isa = PBXFileReference; lastKnownFileType = image.jpeg; path = agadmin.jpg; sourceTree = "<group>"; };
		434AD2021DBD584A0066F8CC /* ageng.jpg */ = {isa = PBXFileReference; lastKnownFileType = image.jpeg; path = ageng.jpg; sourceTree = "<group>"; };
		434AD2031DBD584A0066F8CC /* appliedscience.jpg */ = {isa = PBXFileReference; lastKnownFileType = image.jpeg; path = appliedscience.jpg; sourceTree = "<group>"; };
		434AD2041DBD584A0066F8CC /* armsby.jpg */ = {isa = PBXFileReference; lastKnownFileType = image.jpeg; path = armsby.jpg; sourceTree = "<group>"; };
		434AD2051DBD584A0066F8CC /* arts.jpg */ = {isa = PBXFileReference; lastKnownFileType = image.jpeg; path = arts.jpg; sourceTree = "<group>"; };
		434AD2061DBD584A0066F8CC /* atherton.jpg */ = {isa = PBXFileReference; lastKnownFileType = image.jpeg; path = atherton.jpg; sourceTree = "<group>"; };
		434AD2071DBD584A0066F8CC /* beaver.jpg */ = {isa = PBXFileReference; lastKnownFileType = image.jpeg; path = beaver.jpg; sourceTree = "<group>"; };
		434AD2081DBD584A0066F8CC /* biomechanics.jpg */ = {isa = PBXFileReference; lastKnownFileType = image.jpeg; path = biomechanics.jpg; sourceTree = "<group>"; };
		434AD2091DBD584A0066F8CC /* borland.jpg */ = {isa = PBXFileReference; lastKnownFileType = image.jpeg; path = borland.jpg; sourceTree = "<group>"; };
		434AD20A1DBD584A0066F8CC /* boucke.jpg */ = {isa = PBXFileReference; lastKnownFileType = image.jpeg; path = boucke.jpg; sourceTree = "<group>"; };
		434AD20B1DBD584A0066F8CC /* brumbaugh.jpg */ = {isa = PBXFileReference; lastKnownFileType = image.jpeg; path = brumbaugh.jpg; sourceTree = "<group>"; };
		434AD20C1DBD584A0066F8CC /* brycejordan.jpg */ = {isa = PBXFileReference; lastKnownFileType = image.jpeg; path = brycejordan.jpg; sourceTree = "<group>"; };
		434AD20D1DBD584A0066F8CC /* buckhout.jpg */ = {isa = PBXFileReference; lastKnownFileType = image.jpeg; path = buckhout.jpg; sourceTree = "<group>"; };
		434AD20E1DBD584A0066F8CC /* burrowes.jpg */ = {isa = PBXFileReference; lastKnownFileType = image.jpeg; path = burrowes.jpg; sourceTree = "<group>"; };
		434AD20F1DBD584A0066F8CC /* businessbuilding.jpg */ = {isa = PBXFileReference; lastKnownFileType = image.jpeg; path = businessbuilding.jpg; sourceTree = "<group>"; };
		434AD2101DBD584A0066F8CC /* carnegie.jpg */ = {isa = PBXFileReference; lastKnownFileType = image.jpeg; path = carnegie.jpg; sourceTree = "<group>"; };
		434AD2111DBD584A0066F8CC /* carpenter.jpg */ = {isa = PBXFileReference; lastKnownFileType = image.jpeg; path = carpenter.jpg; sourceTree = "<group>"; };
		434AD2121DBD584A0066F8CC /* chambers.jpg */ = {isa = PBXFileReference; lastKnownFileType = image.jpeg; path = chambers.jpg; sourceTree = "<group>"; };
		434AD2131DBD584A0066F8CC /* chandlee.jpg */ = {isa = PBXFileReference; lastKnownFileType = image.jpeg; path = chandlee.jpg; sourceTree = "<group>"; };
		434AD2141DBD584A0066F8CC /* chapel.jpg */ = {isa = PBXFileReference; lastKnownFileType = image.jpeg; path = chapel.jpg; sourceTree = "<group>"; };
		434AD2151DBD584A0066F8CC /* chemistry.jpg */ = {isa = PBXFileReference; lastKnownFileType = image.jpeg; path = chemistry.jpg; sourceTree = "<group>"; };
		434AD2161DBD584A0066F8CC /* computer.jpg */ = {isa = PBXFileReference; lastKnownFileType = image.jpeg; path = computer.jpg; sourceTree = "<group>"; };
		434AD2171DBD584A0066F8CC /* davey.jpg */ = {isa = PBXFileReference; lastKnownFileType = image.jpeg; path = davey.jpg; sourceTree = "<group>"; };
		434AD2181DBD584A0066F8CC /* deike.jpg */ = {isa = PBXFileReference; lastKnownFileType = image.jpeg; path = deike.jpg; sourceTree = "<group>"; };
		434AD2191DBD584A0066F8CC /* earthengineeringsciences.jpg */ = {isa = PBXFileReference; lastKnownFileType = image.jpeg; path = earthengineeringsciences.jpg; sourceTree = "<group>"; };
		434AD21A1DBD584A0066F8CC /* eeeast.jpg */ = {isa = PBXFileReference; lastKnownFileType = image.jpeg; path = eeeast.jpg; sourceTree = "<group>"; };
		434AD21B1DBD584A0066F8CC /* eewest.jpg */ = {isa = PBXFileReference; lastKnownFileType = image.jpeg; path = eewest.jpg; sourceTree = "<group>"; };
		434AD21C1DBD584A0066F8CC /* eisenhower.jpg */ = {isa = PBXFileReference; lastKnownFileType = image.jpeg; path = eisenhower.jpg; sourceTree = "<group>"; };
		434AD21D1DBD584A0066F8CC /* eisenhowerparking.jpg */ = {isa = PBXFileReference; lastKnownFileType = image.jpeg; path = eisenhowerparking.jpg; sourceTree = "<group>"; };
		434AD21E1DBD584A0066F8CC /* engunit.jpg */ = {isa = PBXFileReference; lastKnownFileType = image.jpeg; path = engunit.jpg; sourceTree = "<group>"; };
		434AD21F1DBD584A0066F8CC /* smeal.jpg */ = {isa = PBXFileReference; lastKnownFileType = image.jpeg; path = smeal.jpg; sourceTree = "<group>"; };
		434AD2401DBD587C0066F8CC /* BuildingModel.swift */ = {isa = PBXFileReference; fileEncoding = 4; lastKnownFileType = sourcecode.swift; name = BuildingModel.swift; path = ../BuildingModel.swift; sourceTree = "<group>"; };
		434AD2431DBD5D1D0066F8CC /* String+FirstLetter.swift */ = {isa = PBXFileReference; fileEncoding = 4; lastKnownFileType = sourcecode.swift; path = "String+FirstLetter.swift"; sourceTree = "<group>"; };
		434AD2471DBD61870066F8CC /* TableViewController.swift */ = {isa = PBXFileReference; fileEncoding = 4; lastKnownFileType = sourcecode.swift; name = TableViewController.swift; path = ../TableViewController.swift; sourceTree = "<group>"; };
		4370123D1DD1439C0054730E /* NoImageAvailable.jpg */ = {isa = PBXFileReference; lastKnownFileType = image.jpeg; path = NoImageAvailable.jpg; sourceTree = "<group>"; };
		43BD178B1DC52C37008C2585 /* DirectionsViewController.swift */ = {isa = PBXFileReference; fileEncoding = 4; lastKnownFileType = sourcecode.swift; name = DirectionsViewController.swift; path = ../DirectionsViewController.swift; sourceTree = "<group>"; };
		43DC9CA01DCFAFBC00C836D7 /* PreferencesViewController.swift */ = {isa = PBXFileReference; fileEncoding = 4; lastKnownFileType = sourcecode.swift; path = PreferencesViewController.swift; sourceTree = "<group>"; };
		43F8E7C41DD13D930049F412 /* ArchiveData.swift */ = {isa = PBXFileReference; fileEncoding = 4; lastKnownFileType = sourcecode.swift; path = ArchiveData.swift; sourceTree = "<group>"; };
/* End PBXFileReference section */

/* Begin PBXFrameworksBuildPhase section */
		434AD1D71DBD13BD0066F8CC /* Frameworks */ = {
			isa = PBXFrameworksBuildPhase;
			buildActionMask = 2147483647;
			files = (
				434AD1FE1DBD13F20066F8CC /* MapKit.framework in Frameworks */,
			);
			runOnlyForDeploymentPostprocessing = 0;
		};
		434AD1EB1DBD13BD0066F8CC /* Frameworks */ = {
			isa = PBXFrameworksBuildPhase;
			buildActionMask = 2147483647;
			files = (
			);
			runOnlyForDeploymentPostprocessing = 0;
		};
/* End PBXFrameworksBuildPhase section */

/* Begin PBXGroup section */
		434AD1D11DBD13BD0066F8CC = {
			isa = PBXGroup;
			children = (
				434AD1FD1DBD13F20066F8CC /* MapKit.framework */,
				434AD1DC1DBD13BD0066F8CC /* Campus Walk */,
				434AD1F11DBD13BD0066F8CC /* Campus WalkTests */,
				434AD1DB1DBD13BD0066F8CC /* Products */,
			);
			sourceTree = "<group>";
		};
		434AD1DB1DBD13BD0066F8CC /* Products */ = {
			isa = PBXGroup;
			children = (
				434AD1DA1DBD13BD0066F8CC /* Campus Walk.app */,
				434AD1EE1DBD13BD0066F8CC /* Campus WalkTests.xctest */,
			);
			name = Products;
			sourceTree = "<group>";
		};
		434AD1DC1DBD13BD0066F8CC /* Campus Walk */ = {
			isa = PBXGroup;
			children = (
				434AD1E11DBD13BD0066F8CC /* Main.storyboard */,
				43B049411DC66CCA00E3CDC1 /* Models */,
				43B049421DC66CD500E3CDC1 /* Controllers */,
				434AD2421DBD58900066F8CC /* Supporting */,
				434AD23F1DBD58540066F8CC /* Building Images */,
			);
			path = "Campus Walk";
			sourceTree = "<group>";
		};
		434AD1F11DBD13BD0066F8CC /* Campus WalkTests */ = {
			isa = PBXGroup;
			children = (
				434AD1F21DBD13BD0066F8CC /* Campus_WalkTests.swift */,
				434AD1F41DBD13BD0066F8CC /* Info.plist */,
			);
			path = "Campus WalkTests";
			sourceTree = "<group>";
		};
		434AD23F1DBD58540066F8CC /* Building Images */ = {
			isa = PBXGroup;
			children = (
				434AD2011DBD584A0066F8CC /* agadmin.jpg */,
				434AD2021DBD584A0066F8CC /* ageng.jpg */,
				434AD2031DBD584A0066F8CC /* appliedscience.jpg */,
				434AD2041DBD584A0066F8CC /* armsby.jpg */,
				434AD2051DBD584A0066F8CC /* arts.jpg */,
				434AD2061DBD584A0066F8CC /* atherton.jpg */,
				434AD2071DBD584A0066F8CC /* beaver.jpg */,
				434AD2081DBD584A0066F8CC /* biomechanics.jpg */,
				434AD2091DBD584A0066F8CC /* borland.jpg */,
				434AD20A1DBD584A0066F8CC /* boucke.jpg */,
				434AD20B1DBD584A0066F8CC /* brumbaugh.jpg */,
				434AD20C1DBD584A0066F8CC /* brycejordan.jpg */,
				434AD20D1DBD584A0066F8CC /* buckhout.jpg */,
				434AD20E1DBD584A0066F8CC /* burrowes.jpg */,
				434AD20F1DBD584A0066F8CC /* businessbuilding.jpg */,
				434AD2101DBD584A0066F8CC /* carnegie.jpg */,
				434AD2111DBD584A0066F8CC /* carpenter.jpg */,
				434AD2121DBD584A0066F8CC /* chambers.jpg */,
				434AD2131DBD584A0066F8CC /* chandlee.jpg */,
				434AD2141DBD584A0066F8CC /* chapel.jpg */,
				434AD2151DBD584A0066F8CC /* chemistry.jpg */,
				434AD2161DBD584A0066F8CC /* computer.jpg */,
				434AD2171DBD584A0066F8CC /* davey.jpg */,
				434AD2181DBD584A0066F8CC /* deike.jpg */,
				434AD2191DBD584A0066F8CC /* earthengineeringsciences.jpg */,
				434AD21A1DBD584A0066F8CC /* eeeast.jpg */,
				434AD21B1DBD584A0066F8CC /* eewest.jpg */,
				434AD21C1DBD584A0066F8CC /* eisenhower.jpg */,
				434AD21D1DBD584A0066F8CC /* eisenhowerparking.jpg */,
				434AD21E1DBD584A0066F8CC /* engunit.jpg */,
				434AD21F1DBD584A0066F8CC /* smeal.jpg */,
			);
			name = "Building Images";
			sourceTree = "<group>";
		};
		434AD2421DBD58900066F8CC /* Supporting */ = {
			isa = PBXGroup;
			children = (
				434AD1FF1DBD583B0066F8CC /* buildings.plist */,
				4370123D1DD1439C0054730E /* NoImageAvailable.jpg */,
				434AD2431DBD5D1D0066F8CC /* String+FirstLetter.swift */,
				434AD1DD1DBD13BD0066F8CC /* AppDelegate.swift */,
				434AD1E41DBD13BD0066F8CC /* Assets.xcassets */,
				434AD1E61DBD13BD0066F8CC /* LaunchScreen.storyboard */,
				434AD1E91DBD13BD0066F8CC /* Info.plist */,
			);
			name = Supporting;
			sourceTree = "<group>";
		};
		43B049411DC66CCA00E3CDC1 /* Models */ = {
			isa = PBXGroup;
			children = (
				434AD2401DBD587C0066F8CC /* BuildingModel.swift */,
				43F8E7C41DD13D930049F412 /* ArchiveData.swift */,
				43490BA71DC599F5008E56CB /* DirectionModel.swift */,
			);
			name = Models;
			sourceTree = "<group>";
		};
		43B049421DC66CD500E3CDC1 /* Controllers */ = {
			isa = PBXGroup;
			children = (
				434AD1DF1DBD13BD0066F8CC /* MapViewController.swift */,
				43DC9CA01DCFAFBC00C836D7 /* PreferencesViewController.swift */,
				43490BA91DC62A17008E56CB /* BuildingDetailsViewController.swift */,
				43BD178B1DC52C37008C2585 /* DirectionsViewController.swift */,
				434AD2471DBD61870066F8CC /* TableViewController.swift */,
				43490BA51DC59915008E56CB /* DirectionInstructionsTableViewController.swift */,
			);
			name = Controllers;
			sourceTree = "<group>";
		};
/* End PBXGroup section */

/* Begin PBXNativeTarget section */
		434AD1D91DBD13BD0066F8CC /* Campus Walk */ = {
			isa = PBXNativeTarget;
			buildConfigurationList = 434AD1F71DBD13BD0066F8CC /* Build configuration list for PBXNativeTarget "Campus Walk" */;
			buildPhases = (
				434AD1D61DBD13BD0066F8CC /* Sources */,
				434AD1D71DBD13BD0066F8CC /* Frameworks */,
				434AD1D81DBD13BD0066F8CC /* Resources */,
			);
			buildRules = (
			);
			dependencies = (
			);
			name = "Campus Walk";
			productName = "Campus Walk";
			productReference = 434AD1DA1DBD13BD0066F8CC /* Campus Walk.app */;
			productType = "com.apple.product-type.application";
		};
		434AD1ED1DBD13BD0066F8CC /* Campus WalkTests */ = {
			isa = PBXNativeTarget;
			buildConfigurationList = 434AD1FA1DBD13BD0066F8CC /* Build configuration list for PBXNativeTarget "Campus WalkTests" */;
			buildPhases = (
				434AD1EA1DBD13BD0066F8CC /* Sources */,
				434AD1EB1DBD13BD0066F8CC /* Frameworks */,
				434AD1EC1DBD13BD0066F8CC /* Resources */,
			);
			buildRules = (
			);
			dependencies = (
				434AD1F01DBD13BD0066F8CC /* PBXTargetDependency */,
			);
			name = "Campus WalkTests";
			productName = "Campus WalkTests";
			productReference = 434AD1EE1DBD13BD0066F8CC /* Campus WalkTests.xctest */;
			productType = "com.apple.product-type.bundle.unit-test";
		};
/* End PBXNativeTarget section */

/* Begin PBXProject section */
		434AD1D21DBD13BD0066F8CC /* Project object */ = {
			isa = PBXProject;
			attributes = {
				LastSwiftUpdateCheck = 0730;
				LastUpgradeCheck = 0810;
				ORGANIZATIONNAME = "Shane Byers";
				TargetAttributes = {
					434AD1D91DBD13BD0066F8CC = {
						CreatedOnToolsVersion = 7.3.1;
						LastSwiftMigration = 0810;
					};
					434AD1ED1DBD13BD0066F8CC = {
						CreatedOnToolsVersion = 7.3.1;
						LastSwiftMigration = 0810;
						TestTargetID = 434AD1D91DBD13BD0066F8CC;
					};
				};
			};
			buildConfigurationList = 434AD1D51DBD13BD0066F8CC /* Build configuration list for PBXProject "Campus Walk" */;
			compatibilityVersion = "Xcode 3.2";
			developmentRegion = English;
			hasScannedForEncodings = 0;
			knownRegions = (
				en,
				Base,
			);
			mainGroup = 434AD1D11DBD13BD0066F8CC;
			productRefGroup = 434AD1DB1DBD13BD0066F8CC /* Products */;
			projectDirPath = "";
			projectRoot = "";
			targets = (
				434AD1D91DBD13BD0066F8CC /* Campus Walk */,
				434AD1ED1DBD13BD0066F8CC /* Campus WalkTests */,
			);
		};
/* End PBXProject section */

/* Begin PBXResourcesBuildPhase section */
		434AD1D81DBD13BD0066F8CC /* Resources */ = {
			isa = PBXResourcesBuildPhase;
			buildActionMask = 2147483647;
			files = (
				434AD2311DBD584A0066F8CC /* chambers.jpg in Resources */,
				434AD2221DBD584A0066F8CC /* appliedscience.jpg in Resources */,
				434AD22B1DBD584A0066F8CC /* brycejordan.jpg in Resources */,
				434AD22D1DBD584A0066F8CC /* burrowes.jpg in Resources */,
				434AD23C1DBD584A0066F8CC /* eisenhowerparking.jpg in Resources */,
				434AD1E81DBD13BD0066F8CC /* LaunchScreen.storyboard in Resources */,
				434AD2201DBD584A0066F8CC /* agadmin.jpg in Resources */,
				434AD23A1DBD584A0066F8CC /* eewest.jpg in Resources */,
				434AD2331DBD584A0066F8CC /* chapel.jpg in Resources */,
				434AD22F1DBD584A0066F8CC /* carnegie.jpg in Resources */,
				434AD2391DBD584A0066F8CC /* eeeast.jpg in Resources */,
				434AD2211DBD584A0066F8CC /* ageng.jpg in Resources */,
				434AD2291DBD584A0066F8CC /* boucke.jpg in Resources */,
				434AD2351DBD584A0066F8CC /* computer.jpg in Resources */,
				434AD22A1DBD584A0066F8CC /* brumbaugh.jpg in Resources */,
				434AD2241DBD584A0066F8CC /* arts.jpg in Resources */,
				4370123E1DD1439C0054730E /* NoImageAvailable.jpg in Resources */,
				434AD2301DBD584A0066F8CC /* carpenter.jpg in Resources */,
				434AD1E51DBD13BD0066F8CC /* Assets.xcassets in Resources */,
				434AD22E1DBD584A0066F8CC /* businessbuilding.jpg in Resources */,
				434AD2361DBD584A0066F8CC /* davey.jpg in Resources */,
				434AD23D1DBD584A0066F8CC /* engunit.jpg in Resources */,
				434AD22C1DBD584A0066F8CC /* buckhout.jpg in Resources */,
				434AD2381DBD584A0066F8CC /* earthengineeringsciences.jpg in Resources */,
				434AD2251DBD584A0066F8CC /* atherton.jpg in Resources */,
				434AD23B1DBD584A0066F8CC /* eisenhower.jpg in Resources */,
				434AD2001DBD583C0066F8CC /* buildings.plist in Resources */,
				434AD2271DBD584A0066F8CC /* biomechanics.jpg in Resources */,
				434AD1E31DBD13BD0066F8CC /* Main.storyboard in Resources */,
				434AD2341DBD584A0066F8CC /* chemistry.jpg in Resources */,
				434AD2281DBD584A0066F8CC /* borland.jpg in Resources */,
				434AD2231DBD584A0066F8CC /* armsby.jpg in Resources */,
				434AD2321DBD584A0066F8CC /* chandlee.jpg in Resources */,
				434AD2371DBD584A0066F8CC /* deike.jpg in Resources */,
				434AD23E1DBD584A0066F8CC /* smeal.jpg in Resources */,
				434AD2261DBD584A0066F8CC /* beaver.jpg in Resources */,
			);
			runOnlyForDeploymentPostprocessing = 0;
		};
		434AD1EC1DBD13BD0066F8CC /* Resources */ = {
			isa = PBXResourcesBuildPhase;
			buildActionMask = 2147483647;
			files = (
			);
			runOnlyForDeploymentPostprocessing = 0;
		};
/* End PBXResourcesBuildPhase section */

/* Begin PBXSourcesBuildPhase section */
		434AD1D61DBD13BD0066F8CC /* Sources */ = {
			isa = PBXSourcesBuildPhase;
			buildActionMask = 2147483647;
			files = (
				434AD1E01DBD13BD0066F8CC /* MapViewController.swift in Sources */,
				43490BA81DC599F5008E56CB /* DirectionModel.swift in Sources */,
				434AD2441DBD5D1D0066F8CC /* String+FirstLetter.swift in Sources */,
				434AD2411DBD587C0066F8CC /* BuildingModel.swift in Sources */,
				43F8E7C51DD13D930049F412 /* ArchiveData.swift in Sources */,
				43490BAA1DC62A17008E56CB /* BuildingDetailsViewController.swift in Sources */,
				434AD2481DBD61870066F8CC /* TableViewController.swift in Sources */,
				43BD178C1DC52C37008C2585 /* DirectionsViewController.swift in Sources */,
				43490BA61DC59915008E56CB /* DirectionInstructionsTableViewController.swift in Sources */,
				434AD1DE1DBD13BD0066F8CC /* AppDelegate.swift in Sources */,
				43DC9CA11DCFAFBC00C836D7 /* PreferencesViewController.swift in Sources */,
			);
			runOnlyForDeploymentPostprocessing = 0;
		};
		434AD1EA1DBD13BD0066F8CC /* Sources */ = {
			isa = PBXSourcesBuildPhase;
			buildActionMask = 2147483647;
			files = (
				434AD1F31DBD13BD0066F8CC /* Campus_WalkTests.swift in Sources */,
			);
			runOnlyForDeploymentPostprocessing = 0;
		};
/* End PBXSourcesBuildPhase section */

/* Begin PBXTargetDependency section */
		434AD1F01DBD13BD0066F8CC /* PBXTargetDependency */ = {
			isa = PBXTargetDependency;
			target = 434AD1D91DBD13BD0066F8CC /* Campus Walk */;
			targetProxy = 434AD1EF1DBD13BD0066F8CC /* PBXContainerItemProxy */;
		};
/* End PBXTargetDependency section */

/* Begin PBXVariantGroup section */
		434AD1E11DBD13BD0066F8CC /* Main.storyboard */ = {
			isa = PBXVariantGroup;
			children = (
				434AD1E21DBD13BD0066F8CC /* Base */,
			);
			name = Main.storyboard;
			sourceTree = "<group>";
		};
		434AD1E61DBD13BD0066F8CC /* LaunchScreen.storyboard */ = {
			isa = PBXVariantGroup;
			children = (
				434AD1E71DBD13BD0066F8CC /* Base */,
			);
			name = LaunchScreen.storyboard;
			sourceTree = "<group>";
		};
/* End PBXVariantGroup section */

/* Begin XCBuildConfiguration section */
		434AD1F51DBD13BD0066F8CC /* Debug */ = {
			isa = XCBuildConfiguration;
			buildSettings = {
				ALWAYS_SEARCH_USER_PATHS = NO;
				CLANG_ANALYZER_NONNULL = YES;
				CLANG_CXX_LANGUAGE_STANDARD = "gnu++0x";
				CLANG_CXX_LIBRARY = "libc++";
				CLANG_ENABLE_MODULES = YES;
				CLANG_ENABLE_OBJC_ARC = YES;
				CLANG_WARN_BOOL_CONVERSION = YES;
				CLANG_WARN_CONSTANT_CONVERSION = YES;
				CLANG_WARN_DIRECT_OBJC_ISA_USAGE = YES_ERROR;
				CLANG_WARN_EMPTY_BODY = YES;
				CLANG_WARN_ENUM_CONVERSION = YES;
				CLANG_WARN_INFINITE_RECURSION = YES;
				CLANG_WARN_INT_CONVERSION = YES;
				CLANG_WARN_OBJC_ROOT_CLASS = YES_ERROR;
				CLANG_WARN_SUSPICIOUS_MOVE = YES;
				CLANG_WARN_UNREACHABLE_CODE = YES;
				CLANG_WARN__DUPLICATE_METHOD_MATCH = YES;
				"CODE_SIGN_IDENTITY[sdk=iphoneos*]" = "iPhone Developer";
				COPY_PHASE_STRIP = NO;
				DEBUG_INFORMATION_FORMAT = dwarf;
				ENABLE_STRICT_OBJC_MSGSEND = YES;
				ENABLE_TESTABILITY = YES;
				GCC_C_LANGUAGE_STANDARD = gnu99;
				GCC_DYNAMIC_NO_PIC = NO;
				GCC_NO_COMMON_BLOCKS = YES;
				GCC_OPTIMIZATION_LEVEL = 0;
				GCC_PREPROCESSOR_DEFINITIONS = (
					"DEBUG=1",
					"$(inherited)",
				);
				GCC_WARN_64_TO_32_BIT_CONVERSION = YES;
				GCC_WARN_ABOUT_RETURN_TYPE = YES_ERROR;
				GCC_WARN_UNDECLARED_SELECTOR = YES;
				GCC_WARN_UNINITIALIZED_AUTOS = YES_AGGRESSIVE;
				GCC_WARN_UNUSED_FUNCTION = YES;
				GCC_WARN_UNUSED_VARIABLE = YES;
				IPHONEOS_DEPLOYMENT_TARGET = 9.3;
				MTL_ENABLE_DEBUG_INFO = YES;
				ONLY_ACTIVE_ARCH = YES;
				SDKROOT = iphoneos;
				SWIFT_OPTIMIZATION_LEVEL = "-Onone";
				TARGETED_DEVICE_FAMILY = "1,2";
			};
			name = Debug;
		};
		434AD1F61DBD13BD0066F8CC /* Release */ = {
			isa = XCBuildConfiguration;
			buildSettings = {
				ALWAYS_SEARCH_USER_PATHS = NO;
				CLANG_ANALYZER_NONNULL = YES;
				CLANG_CXX_LANGUAGE_STANDARD = "gnu++0x";
				CLANG_CXX_LIBRARY = "libc++";
				CLANG_ENABLE_MODULES = YES;
				CLANG_ENABLE_OBJC_ARC = YES;
				CLANG_WARN_BOOL_CONVERSION = YES;
				CLANG_WARN_CONSTANT_CONVERSION = YES;
				CLANG_WARN_DIRECT_OBJC_ISA_USAGE = YES_ERROR;
				CLANG_WARN_EMPTY_BODY = YES;
				CLANG_WARN_ENUM_CONVERSION = YES;
				CLANG_WARN_INFINITE_RECURSION = YES;
				CLANG_WARN_INT_CONVERSION = YES;
				CLANG_WARN_OBJC_ROOT_CLASS = YES_ERROR;
				CLANG_WARN_SUSPICIOUS_MOVE = YES;
				CLANG_WARN_UNREACHABLE_CODE = YES;
				CLANG_WARN__DUPLICATE_METHOD_MATCH = YES;
				"CODE_SIGN_IDENTITY[sdk=iphoneos*]" = "iPhone Developer";
				COPY_PHASE_STRIP = NO;
				DEBUG_INFORMATION_FORMAT = "dwarf-with-dsym";
				ENABLE_NS_ASSERTIONS = NO;
				ENABLE_STRICT_OBJC_MSGSEND = YES;
				GCC_C_LANGUAGE_STANDARD = gnu99;
				GCC_NO_COMMON_BLOCKS = YES;
				GCC_WARN_64_TO_32_BIT_CONVERSION = YES;
				GCC_WARN_ABOUT_RETURN_TYPE = YES_ERROR;
				GCC_WARN_UNDECLARED_SELECTOR = YES;
				GCC_WARN_UNINITIALIZED_AUTOS = YES_AGGRESSIVE;
				GCC_WARN_UNUSED_FUNCTION = YES;
				GCC_WARN_UNUSED_VARIABLE = YES;
				IPHONEOS_DEPLOYMENT_TARGET = 9.3;
				MTL_ENABLE_DEBUG_INFO = NO;
				SDKROOT = iphoneos;
				SWIFT_OPTIMIZATION_LEVEL = "-Owholemodule";
				TARGETED_DEVICE_FAMILY = "1,2";
				VALIDATE_PRODUCT = YES;
			};
			name = Release;
		};
		434AD1F81DBD13BD0066F8CC /* Debug */ = {
			isa = XCBuildConfiguration;
			buildSettings = {
				ASSETCATALOG_COMPILER_APPICON_NAME = AppIcon;
				INFOPLIST_FILE = "Campus Walk/Info.plist";
				LD_RUNPATH_SEARCH_PATHS = "$(inherited) @executable_path/Frameworks";
				PRODUCT_BUNDLE_IDENTIFIER = "edu.psu.cse.sbb5159.Campus-Walk";
				PRODUCT_NAME = "$(TARGET_NAME)";
				SWIFT_VERSION = 2.3;
			};
			name = Debug;
		};
		434AD1F91DBD13BD0066F8CC /* Release */ = {
			isa = XCBuildConfiguration;
			buildSettings = {
				ASSETCATALOG_COMPILER_APPICON_NAME = AppIcon;
				INFOPLIST_FILE = "Campus Walk/Info.plist";
				LD_RUNPATH_SEARCH_PATHS = "$(inherited) @executable_path/Frameworks";
				PRODUCT_BUNDLE_IDENTIFIER = "edu.psu.cse.sbb5159.Campus-Walk";
				PRODUCT_NAME = "$(TARGET_NAME)";
				SWIFT_VERSION = 2.3;
			};
			name = Release;
		};
		434AD1FB1DBD13BD0066F8CC /* Debug */ = {
			isa = XCBuildConfiguration;
			buildSettings = {
				BUNDLE_LOADER = "$(TEST_HOST)";
				INFOPLIST_FILE = "Campus WalkTests/Info.plist";
				LD_RUNPATH_SEARCH_PATHS = "$(inherited) @executable_path/Frameworks @loader_path/Frameworks";
				PRODUCT_BUNDLE_IDENTIFIER = "edu.psu.cse.sbb5159.Campus-WalkTests";
				PRODUCT_NAME = "$(TARGET_NAME)";
				SWIFT_VERSION = 2.3;
				TEST_HOST = "$(BUILT_PRODUCTS_DIR)/Campus Walk.app/Campus Walk";
			};
			name = Debug;
		};
		434AD1FC1DBD13BD0066F8CC /* Release */ = {
			isa = XCBuildConfiguration;
			buildSettings = {
				BUNDLE_LOADER = "$(TEST_HOST)";
				INFOPLIST_FILE = "Campus WalkTests/Info.plist";
				LD_RUNPATH_SEARCH_PATHS = "$(inherited) @executable_path/Frameworks @loader_path/Frameworks";
				PRODUCT_BUNDLE_IDENTIFIER = "edu.psu.cse.sbb5159.Campus-WalkTests";
				PRODUCT_NAME = "$(TARGET_NAME)";
				SWIFT_VERSION = 2.3;
				TEST_HOST = "$(BUILT_PRODUCTS_DIR)/Campus Walk.app/Campus Walk";
			};
			name = Release;
		};
/* End XCBuildConfiguration section */

/* Begin XCConfigurationList section */
		434AD1D51DBD13BD0066F8CC /* Build configuration list for PBXProject "Campus Walk" */ = {
			isa = XCConfigurationList;
			buildConfigurations = (
				434AD1F51DBD13BD0066F8CC /* Debug */,
				434AD1F61DBD13BD0066F8CC /* Release */,
			);
			defaultConfigurationIsVisible = 0;
			defaultConfigurationName = Release;
		};
		434AD1F71DBD13BD0066F8CC /* Build configuration list for PBXNativeTarget "Campus Walk" */ = {
			isa = XCConfigurationList;
			buildConfigurations = (
				434AD1F81DBD13BD0066F8CC /* Debug */,
				434AD1F91DBD13BD0066F8CC /* Release */,
			);
			defaultConfigurationIsVisible = 0;
			defaultConfigurationName = Release;
		};
		434AD1FA1DBD13BD0066F8CC /* Build configuration list for PBXNativeTarget "Campus WalkTests" */ = {
			isa = XCConfigurationList;
			buildConfigurations = (
				434AD1FB1DBD13BD0066F8CC /* Debug */,
				434AD1FC1DBD13BD0066F8CC /* Release */,
			);
			defaultConfigurationIsVisible = 0;
			defaultConfigurationName = Release;
		};
/* End XCConfigurationList section */
	};
	rootObject = 434AD1D21DBD13BD0066F8CC /* Project object */;
}
